
Microsoft Visual Studio Solution File, Format Version 12.00
# Visual Studio 15
VisualStudioVersion = 15.0.28307.329
MinimumVisualStudioVersion = 10.0.40219.1
Project("{FAE04EC0-301F-11D3-BF4B-00C04F79EFBC}") = "ProxiCall", "ProxiCall\ProxiCall.csproj", "{5194DC85-E325-446F-8C76-8FC6673AB247}"
EndProject
Global
	GlobalSection(SolutionConfigurationPlatforms) = preSolution
		Debug|Any CPU = Debug|Any CPU
		Release|Any CPU = Release|Any CPU
	EndGlobalSection
	GlobalSection(ProjectConfigurationPlatforms) = postSolution
		{5194DC85-E325-446F-8C76-8FC6673AB247}.Debug|Any CPU.ActiveCfg = Debug|Any CPU
		{5194DC85-E325-446F-8C76-8FC6673AB247}.Debug|Any CPU.Build.0 = Debug|Any CPU
		{5194DC85-E325-446F-8C76-8FC6673AB247}.Release|Any CPU.ActiveCfg = Release|Any CPU
		{5194DC85-E325-446F-8C76-8FC6673AB247}.Release|Any CPU.Build.0 = Release|Any CPU
	EndGlobalSection
	GlobalSection(SolutionProperties) = preSolution
		HideSolutionNode = FALSE
	EndGlobalSection
	GlobalSection(ExtensibilityGlobals) = postSolution
		SolutionGuid = {24420EB9-04CD-4AB7-AFF7-A2B449DC90B7}
	EndGlobalSection
EndGlobal
